Microsoft Visual Studio Solution File, Format Version 12.00
# Visual Studio 15
VisualStudioVersion = 15.0.26430.16
MinimumVisualStudioVersion = 10.0.40219.1
Project("{9A19103F-16F7-4668-BE54-9A1E7A4F7556}") = "Alba", "Alba\Alba.csproj", "{81D9EFA5-F846-40F3-B36C-8E82111EDDF6}"
EndProject
Project("{9A19103F-16F7-4668-BE54-9A1E7A4F7556}") = "Alba.Testing", "Alba.Testing\Alba.Testing.csproj", "{3CEBB819-9841-4353-B3A2-2331902E6228}"
EndProject
Project("{9A19103F-16F7-4668-BE54-9A1E7A4F7556}") = "WebApp", "WebApp\WebApp.csproj", "{52733A25-1E8D-4250-A9B5-D135EE6C1557}"
EndProject
Global
	GlobalSection(SolutionConfigurationPlatforms) = preSolution
		Debug|Any CPU = Debug|Any CPU
		Release|Any CPU = Release|Any CPU
	EndGlobalSection
	GlobalSection(ProjectConfigurationPlatforms) = postSolution
		{81D9EFA5-F846-40F3-B36C-8E82111EDDF6}.Debug|Any CPU.ActiveCfg = Debug|Any CPU
		{81D9EFA5-F846-40F3-B36C-8E82111EDDF6}.Debug|Any CPU.Build.0 = Debug|Any CPU
		{81D9EFA5-F846-40F3-B36C-8E82111EDDF6}.Release|Any CPU.ActiveCfg = Release|Any CPU
		{81D9EFA5-F846-40F3-B36C-8E82111EDDF6}.Release|Any CPU.Build.0 = Release|Any CPU
		{3CEBB819-9841-4353-B3A2-2331902E6228}.Debug|Any CPU.ActiveCfg = Debug|Any CPU
		{3CEBB819-9841-4353-B3A2-2331902E6228}.Debug|Any CPU.Build.0 = Debug|Any CPU
		{3CEBB819-9841-4353-B3A2-2331902E6228}.Release|Any CPU.ActiveCfg = Release|Any CPU
		{3CEBB819-9841-4353-B3A2-2331902E6228}.Release|Any CPU.Build.0 = Release|Any CPU
		{52733A25-1E8D-4250-A9B5-D135EE6C1557}.Debug|Any CPU.ActiveCfg = Debug|Any CPU
		{52733A25-1E8D-4250-A9B5-D135EE6C1557}.Debug|Any CPU.Build.0 = Debug|Any CPU
		{52733A25-1E8D-4250-A9B5-D135EE6C1557}.Release|Any CPU.ActiveCfg = Release|Any CPU
		{52733A25-1E8D-4250-A9B5-D135EE6C1557}.Release|Any CPU.Build.0 = Release|Any CPU
	EndGlobalSection
	GlobalSection(SolutionProperties) = preSolution
		HideSolutionNode = FALSE
	EndGlobalSection
EndGlobal
