Microsoft Visual Studio Solution File, Format Version 12.00
# Visual Studio Version 17
VisualStudioVersion = 17.1.31903.286
MinimumVisualStudioVersion = 10.0.40219.1
Project("{9A19103F-16F7-4668-BE54-9A1E7A4F7556}") = "Alba", "Alba\Alba.csproj", "{81D9EFA5-F846-40F3-B36C-8E82111EDDF6}"
EndProject
Project("{9A19103F-16F7-4668-BE54-9A1E7A4F7556}") = "Alba.Testing", "Alba.Testing\Alba.Testing.csproj", "{3CEBB819-9841-4353-B3A2-2331902E6228}"
EndProject
Project("{9A19103F-16F7-4668-BE54-9A1E7A4F7556}") = "WebApp", "WebApp\WebApp.csproj", "{52733A25-1E8D-4250-A9B5-D135EE6C1557}"
EndProject
Project("{9A19103F-16F7-4668-BE54-9A1E7A4F7556}") = "WebApiStartupHostingModel", "WebApiAspNetCore3\WebApiStartupHostingModel.csproj", "{28AAF423-75B5-4499-95BC-85CFDB994EDA}"
EndProject
Project("{9A19103F-16F7-4668-BE54-9A1E7A4F7556}") = "WebAppSecuredWithJwt", "WebAppSecuredWithJwt\WebAppSecuredWithJwt.csproj", "{91CA83AA-73DB-44B0-8A5D-5BB38532B897}"
EndProject
Project("{9A19103F-16F7-4668-BE54-9A1E7A4F7556}") = "NUnitSamples", "NUnitSamples\NUnitSamples.csproj", "{EAE558C3-9759-4F7F-845B-D00056EE65DC}"
EndProject
Project("{9A19103F-16F7-4668-BE54-9A1E7A4F7556}") = "WebApiNet6", "WebApiNet6\WebApiNet6.csproj", "{C2D01782-E9BC-4E61-A4B7-76FA48292386}"
EndProject
Project("{9A19103F-16F7-4668-BE54-9A1E7A4F7556}") = "MinimalApiWithOakton", "MinimalApiWithOakton\MinimalApiWithOakton.csproj", "{2BD68525-60F2-4253-BFA7-12476F374EE9}"
EndProject
Project("{FAE04EC0-301F-11D3-BF4B-00C04F79EFBC}") = "IdentityServer.New", "IdentityServer.New\IdentityServer.New.csproj", "{B7AB5313-B55C-4AFF-940B-F17DC913AFB6}"
EndProject
Project("{9A19103F-16F7-4668-BE54-9A1E7A4F7556}") = "_build", "..\build\_build.csproj", "{2D104BF1-7D1F-4DFF-9023-AEDF73C34B67}"
EndProject
Project("{2150E333-8FDC-42A3-9474-1A3956D46DE8}") = "Solution Items", "Solution Items", "{2E8A0953-1670-4CDC-9C0E-C2E9051C31D8}"
	ProjectSection(SolutionItems) = preProject
		..\README.md = ..\README.md
		..\img\icon.png = ..\img\icon.png
	EndProjectSection
EndProject
Project("{FAE04EC0-301F-11D3-BF4B-00C04F79EFBC}") = "TUnitSamples", "TUnitSamples\TUnitSamples.csproj", "{47C6B057-B5BD-4B0C-BC2A-1D8EA98592A5}"
EndProject
Global
	GlobalSection(SolutionConfigurationPlatforms) = preSolution
		Debug|Any CPU = Debug|Any CPU
		Release|Any CPU = Release|Any CPU
	EndGlobalSection
	GlobalSection(ProjectConfigurationPlatforms) = postSolution
		{2D104BF1-7D1F-4DFF-9023-AEDF73C34B67}.Debug|Any CPU.ActiveCfg = Debug|Any CPU
		{2D104BF1-7D1F-4DFF-9023-AEDF73C34B67}.Release|Any CPU.ActiveCfg = Release|Any CPU
		{7509E7DF-DB3D-49A9-B3DA-862998D9F435}.Debug|Any CPU.ActiveCfg = Debug|Any CPU
		{7509E7DF-DB3D-49A9-B3DA-862998D9F435}.Release|Any CPU.ActiveCfg = Release|Any CPU
		{81D9EFA5-F846-40F3-B36C-8E82111EDDF6}.Debug|Any CPU.ActiveCfg = Debug|Any CPU
		{81D9EFA5-F846-40F3-B36C-8E82111EDDF6}.Debug|Any CPU.Build.0 = Debug|Any CPU
		{81D9EFA5-F846-40F3-B36C-8E82111EDDF6}.Release|Any CPU.ActiveCfg = Release|Any CPU
		{81D9EFA5-F846-40F3-B36C-8E82111EDDF6}.Release|Any CPU.Build.0 = Release|Any CPU
		{3CEBB819-9841-4353-B3A2-2331902E6228}.Debug|Any CPU.ActiveCfg = Debug|Any CPU
		{3CEBB819-9841-4353-B3A2-2331902E6228}.Debug|Any CPU.Build.0 = Debug|Any CPU
		{3CEBB819-9841-4353-B3A2-2331902E6228}.Release|Any CPU.ActiveCfg = Release|Any CPU
		{3CEBB819-9841-4353-B3A2-2331902E6228}.Release|Any CPU.Build.0 = Release|Any CPU
		{52733A25-1E8D-4250-A9B5-D135EE6C1557}.Debug|Any CPU.ActiveCfg = Debug|Any CPU
		{52733A25-1E8D-4250-A9B5-D135EE6C1557}.Debug|Any CPU.Build.0 = Debug|Any CPU
		{52733A25-1E8D-4250-A9B5-D135EE6C1557}.Release|Any CPU.ActiveCfg = Release|Any CPU
		{52733A25-1E8D-4250-A9B5-D135EE6C1557}.Release|Any CPU.Build.0 = Release|Any CPU
		{28AAF423-75B5-4499-95BC-85CFDB994EDA}.Debug|Any CPU.ActiveCfg = Debug|Any CPU
		{28AAF423-75B5-4499-95BC-85CFDB994EDA}.Debug|Any CPU.Build.0 = Debug|Any CPU
		{28AAF423-75B5-4499-95BC-85CFDB994EDA}.Release|Any CPU.ActiveCfg = Release|Any CPU
		{28AAF423-75B5-4499-95BC-85CFDB994EDA}.Release|Any CPU.Build.0 = Release|Any CPU
		{91CA83AA-73DB-44B0-8A5D-5BB38532B897}.Debug|Any CPU.ActiveCfg = Debug|Any CPU
		{91CA83AA-73DB-44B0-8A5D-5BB38532B897}.Debug|Any CPU.Build.0 = Debug|Any CPU
		{91CA83AA-73DB-44B0-8A5D-5BB38532B897}.Release|Any CPU.ActiveCfg = Release|Any CPU
		{91CA83AA-73DB-44B0-8A5D-5BB38532B897}.Release|Any CPU.Build.0 = Release|Any CPU
		{EAE558C3-9759-4F7F-845B-D00056EE65DC}.Debug|Any CPU.ActiveCfg = Debug|Any CPU
		{EAE558C3-9759-4F7F-845B-D00056EE65DC}.Debug|Any CPU.Build.0 = Debug|Any CPU
		{EAE558C3-9759-4F7F-845B-D00056EE65DC}.Release|Any CPU.ActiveCfg = Release|Any CPU
		{EAE558C3-9759-4F7F-845B-D00056EE65DC}.Release|Any CPU.Build.0 = Release|Any CPU
		{C2D01782-E9BC-4E61-A4B7-76FA48292386}.Debug|Any CPU.ActiveCfg = Debug|Any CPU
		{C2D01782-E9BC-4E61-A4B7-76FA48292386}.Debug|Any CPU.Build.0 = Debug|Any CPU
		{C2D01782-E9BC-4E61-A4B7-76FA48292386}.Release|Any CPU.ActiveCfg = Release|Any CPU
		{C2D01782-E9BC-4E61-A4B7-76FA48292386}.Release|Any CPU.Build.0 = Release|Any CPU
		{2BD68525-60F2-4253-BFA7-12476F374EE9}.Debug|Any CPU.ActiveCfg = Debug|Any CPU
		{2BD68525-60F2-4253-BFA7-12476F374EE9}.Debug|Any CPU.Build.0 = Debug|Any CPU
		{2BD68525-60F2-4253-BFA7-12476F374EE9}.Release|Any CPU.ActiveCfg = Release|Any CPU
		{2BD68525-60F2-4253-BFA7-12476F374EE9}.Release|Any CPU.Build.0 = Release|Any CPU
		{B7AB5313-B55C-4AFF-940B-F17DC913AFB6}.Debug|Any CPU.ActiveCfg = Debug|Any CPU
		{B7AB5313-B55C-4AFF-940B-F17DC913AFB6}.Debug|Any CPU.Build.0 = Debug|Any CPU
		{B7AB5313-B55C-4AFF-940B-F17DC913AFB6}.Release|Any CPU.ActiveCfg = Release|Any CPU
		{B7AB5313-B55C-4AFF-940B-F17DC913AFB6}.Release|Any CPU.Build.0 = Release|Any CPU
		{47C6B057-B5BD-4B0C-BC2A-1D8EA98592A5}.Debug|Any CPU.ActiveCfg = Debug|Any CPU
		{47C6B057-B5BD-4B0C-BC2A-1D8EA98592A5}.Debug|Any CPU.Build.0 = Debug|Any CPU
		{47C6B057-B5BD-4B0C-BC2A-1D8EA98592A5}.Release|Any CPU.ActiveCfg = Release|Any CPU
		{47C6B057-B5BD-4B0C-BC2A-1D8EA98592A5}.Release|Any CPU.Build.0 = Release|Any CPU
	EndGlobalSection
	GlobalSection(SolutionProperties) = preSolution
		HideSolutionNode = FALSE
	EndGlobalSection
	GlobalSection(ExtensibilityGlobals) = postSolution
		SolutionGuid = {2C4FAA2B-F991-4732-8D57-DFB1178440CA}
	EndGlobalSection
EndGlobal
